
Microsoft Visual Studio Solution File, Format Version 12.00
# Visual Studio Version 16
VisualStudioVersion = 16.0.31321.278
MinimumVisualStudioVersion = 10.0.40219.1
Project("{FAE04EC0-301F-11D3-BF4B-00C04F79EFBC}") = "StockX Invoice Gen", "StockX Invoice Gen\StockX Invoice Gen.csproj", "{29D45C81-AFEF-4F2B-BF9A-A87212EC612F}"
EndProject
Global
	GlobalSection(SolutionConfigurationPlatforms) = preSolution
		Debug|Any CPU = Debug|Any CPU
		Release|Any CPU = Release|Any CPU
	EndGlobalSection
	GlobalSection(ProjectConfigurationPlatforms) = postSolution
		{29D45C81-AFEF-4F2B-BF9A-A87212EC612F}.Debug|Any CPU.ActiveCfg = Debug|Any CPU
		{29D45C81-AFEF-4F2B-BF9A-A87212EC612F}.Debug|Any CPU.Build.0 = Debug|Any CPU
		{29D45C81-AFEF-4F2B-BF9A-A87212EC612F}.Release|Any CPU.ActiveCfg = Release|Any CPU
		{29D45C81-AFEF-4F2B-BF9A-A87212EC612F}.Release|Any CPU.Build.0 = Release|Any CPU
	EndGlobalSection
	GlobalSection(SolutionProperties) = preSolution
		HideSolutionNode = FALSE
	EndGlobalSection
	GlobalSection(ExtensibilityGlobals) = postSolution
		SolutionGuid = {04E41E2F-5D66-4D65-B063-584E5976C450}
	EndGlobalSection
EndGlobal
